// !$*UTF8*$!
{
	archiveVersion = 1;
	classes = {
	};
	objectVersion = 56;
	objects = {

/* Begin PBXBuildFile section */
		9D055E9F2AE0E42300BDDF50 /* EntryCoordinator.swift in Sources */ = {isa = PBXBuildFile; fileRef = 9D055E9E2AE0E42300BDDF50 /* EntryCoordinator.swift */; };
		9D055EA12AE0E45E00BDDF50 /* MainCoordinator.swift in Sources */ = {isa = PBXBuildFile; fileRef = 9D055EA02AE0E45E00BDDF50 /* MainCoordinator.swift */; };
		9D055EA32AE0E47E00BDDF50 /* RegistrationOnboardingCoordinator.swift in Sources */ = {isa = PBXBuildFile; fileRef = 9D055EA22AE0E47E00BDDF50 /* RegistrationOnboardingCoordinator.swift */; };
		9D055EA52AE0E49600BDDF50 /* ResetPasswordCoordinator.swift in Sources */ = {isa = PBXBuildFile; fileRef = 9D055EA42AE0E49600BDDF50 /* ResetPasswordCoordinator.swift */; };
		9D055EA72AE0EC0A00BDDF50 /* PasswordTextField.swift in Sources */ = {isa = PBXBuildFile; fileRef = 9D055EA62AE0EC0A00BDDF50 /* PasswordTextField.swift */; };
		9D055EAC2AE0EE0E00BDDF50 /* RegistrationView.swift in Sources */ = {isa = PBXBuildFile; fileRef = 9D055EAB2AE0EE0E00BDDF50 /* RegistrationView.swift */; };
		9D055EAE2AE0EEC800BDDF50 /* BookModel.swift in Sources */ = {isa = PBXBuildFile; fileRef = 9D055EAD2AE0EEC800BDDF50 /* BookModel.swift */; };
		9D055EB02AE0EEE800BDDF50 /* MainScreen.swift in Sources */ = {isa = PBXBuildFile; fileRef = 9D055EAF2AE0EEE800BDDF50 /* MainScreen.swift */; };
		9D055EB22AE0EEFB00BDDF50 /* BooksCollectionView.swift in Sources */ = {isa = PBXBuildFile; fileRef = 9D055EB12AE0EEFB00BDDF50 /* BooksCollectionView.swift */; };
		9D055EB42AE0EF0A00BDDF50 /* BookChallengeView.swift in Sources */ = {isa = PBXBuildFile; fileRef = 9D055EB32AE0EF0A00BDDF50 /* BookChallengeView.swift */; };
		9D055EB72AE0EF3B00BDDF50 /* CurrentLibraryView.swift in Sources */ = {isa = PBXBuildFile; fileRef = 9D055EB62AE0EF3B00BDDF50 /* CurrentLibraryView.swift */; };
		9D055EBB2AE0EF8E00BDDF50 /* FriendModel.swift in Sources */ = {isa = PBXBuildFile; fileRef = 9D055EBA2AE0EF8E00BDDF50 /* FriendModel.swift */; };
		9D055EBE2AE0EFA600BDDF50 /* FriendsStatisticView.swift in Sources */ = {isa = PBXBuildFile; fileRef = 9D055EBD2AE0EFA600BDDF50 /* FriendsStatisticView.swift */; };
		9D055EC32AE0EFEB00BDDF50 /* MyProgress.swift in Sources */ = {isa = PBXBuildFile; fileRef = 9D055EC22AE0EFEB00BDDF50 /* MyProgress.swift */; };
		9D055EC52AE0EFFC00BDDF50 /* TrackerView.swift in Sources */ = {isa = PBXBuildFile; fileRef = 9D055EC42AE0EFFC00BDDF50 /* TrackerView.swift */; };
		9D61F9BB2AD881D40000393C /* RegistrationOnBoardingStep2View.swift in Sources */ = {isa = PBXBuildFile; fileRef = 9D61F9BA2AD881D40000393C /* RegistrationOnBoardingStep2View.swift */; };
		9D61F9C02AD882360000393C /* CoordinatorProtocol.swift in Sources */ = {isa = PBXBuildFile; fileRef = 9D61F9BF2AD882360000393C /* CoordinatorProtocol.swift */; };
		9D61F9C22AD8825D0000393C /* TrackerCoordinator.swift in Sources */ = {isa = PBXBuildFile; fileRef = 9D61F9C12AD8825D0000393C /* TrackerCoordinator.swift */; };
		9D61F9C52AD882B30000393C /* ButtonView.swift in Sources */ = {isa = PBXBuildFile; fileRef = 9D61F9C42AD882B30000393C /* ButtonView.swift */; };
		9D61F9C72AD882D70000393C /* HeadlineTextModifier.swift in Sources */ = {isa = PBXBuildFile; fileRef = 9D61F9C62AD882D70000393C /* HeadlineTextModifier.swift */; };
		9D61F9C92AD882F20000393C /* NumberTextField.swift in Sources */ = {isa = PBXBuildFile; fileRef = 9D61F9C82AD882F20000393C /* NumberTextField.swift */; };
		9D61F9CB2AD883090000393C /* TextFieldTime.swift in Sources */ = {isa = PBXBuildFile; fileRef = 9D61F9CA2AD883090000393C /* TextFieldTime.swift */; };
		9D61F9D12AD884180000393C /* RegistrationOnboardingStep3View.swift in Sources */ = {isa = PBXBuildFile; fileRef = 9D61F9D02AD884180000393C /* RegistrationOnboardingStep3View.swift */; };
		9D61F9D62AD884760000393C /* RegistrationOnboardingStep4View.swift in Sources */ = {isa = PBXBuildFile; fileRef = 9D61F9D52AD884760000393C /* RegistrationOnboardingStep4View.swift */; };
		9D61F9DC2AD884D90000393C /* GenreModel.swift in Sources */ = {isa = PBXBuildFile; fileRef = 9D61F9DB2AD884D90000393C /* GenreModel.swift */; };
		9D61F9DE2AD884F70000393C /* CustomButtonStyle.swift in Sources */ = {isa = PBXBuildFile; fileRef = 9D61F9DD2AD884F70000393C /* CustomButtonStyle.swift */; };
		9D61F9E02AD885100000393C /* GenreSelection.swift in Sources */ = {isa = PBXBuildFile; fileRef = 9D61F9DF2AD885100000393C /* GenreSelection.swift */; };
		9D61F9E22AD885290000393C /* RegistrationStep5View.swift in Sources */ = {isa = PBXBuildFile; fileRef = 9D61F9E12AD885290000393C /* RegistrationStep5View.swift */; };
		9D61F9E72AD885950000393C /* RegistrationOnboardingStep6View.swift in Sources */ = {isa = PBXBuildFile; fileRef = 9D61F9E62AD885950000393C /* RegistrationOnboardingStep6View.swift */; };
		9D61F9F02AD888840000393C /* SetupTrackerStep1View.swift in Sources */ = {isa = PBXBuildFile; fileRef = 9D61F9EF2AD888840000393C /* SetupTrackerStep1View.swift */; };
		9D61F9F62AD888B90000393C /* SetupTrackerStep2View.swift in Sources */ = {isa = PBXBuildFile; fileRef = 9D61F9F52AD888B90000393C /* SetupTrackerStep2View.swift */; };
		9D61F9FC2AD8896B0000393C /* SetupTrackerStep3View.swift in Sources */ = {isa = PBXBuildFile; fileRef = 9D61F9FB2AD8896B0000393C /* SetupTrackerStep3View.swift */; };
		9D61FA022AD889B20000393C /* SetupTrackerStep4View.swift in Sources */ = {isa = PBXBuildFile; fileRef = 9D61FA012AD889B20000393C /* SetupTrackerStep4View.swift */; };
		9D61FA042AD889F90000393C /* NavBar.swift in Sources */ = {isa = PBXBuildFile; fileRef = 9D61FA032AD889F90000393C /* NavBar.swift */; };
		9D714E2A2AE8238600992E09 /* MakeReviewPage.swift in Sources */ = {isa = PBXBuildFile; fileRef = 9D714E292AE8238600992E09 /* MakeReviewPage.swift */; };
		9D714E302AE8E03400992E09 /* AddBookToListPage.swift in Sources */ = {isa = PBXBuildFile; fileRef = 9D714E2F2AE8E03400992E09 /* AddBookToListPage.swift */; };
		9D714E332AE8E11B00992E09 /* ListCategories.swift in Sources */ = {isa = PBXBuildFile; fileRef = 9D714E322AE8E11B00992E09 /* ListCategories.swift */; };
		9D714E592AE9C94E00992E09 /* MainCoordinatorProtocol.swift in Sources */ = {isa = PBXBuildFile; fileRef = 9D714E582AE9C94E00992E09 /* MainCoordinatorProtocol.swift */; };
		9D714E5B2AE9C98A00992E09 /* MainCoordinatorWithTabBar.swift in Sources */ = {isa = PBXBuildFile; fileRef = 9D714E5A2AE9C98A00992E09 /* MainCoordinatorWithTabBar.swift */; };
		9D714E622AEA4A2C00992E09 /* SettingsCoordinator.swift in Sources */ = {isa = PBXBuildFile; fileRef = 9D714E612AEA4A2C00992E09 /* SettingsCoordinator.swift */; };
		9D714E662AEA4D7000992E09 /* CustomTabBarController.swift in Sources */ = {isa = PBXBuildFile; fileRef = 9D714E652AEA4D7000992E09 /* CustomTabBarController.swift */; };
		9D714E682AEA50B500992E09 /* RecommendationsCoordinator.swift in Sources */ = {isa = PBXBuildFile; fileRef = 9D714E672AEA50B500992E09 /* RecommendationsCoordinator.swift */; };
		9D714E6A2AEA521700992E09 /* ScanCoordinator.swift in Sources */ = {isa = PBXBuildFile; fileRef = 9D714E692AEA521700992E09 /* ScanCoordinator.swift */; };
		9D7A76CE2AE42A1C00158781 /* BookPage.swift in Sources */ = {isa = PBXBuildFile; fileRef = 9D7A76CD2AE42A1C00158781 /* BookPage.swift */; };
		9D7A76D32AE42BE500158781 /* BookPageModel.swift in Sources */ = {isa = PBXBuildFile; fileRef = 9D7A76D22AE42BE500158781 /* BookPageModel.swift */; };
		9D7A76D62AE432DA00158781 /* DescriptionView.swift in Sources */ = {isa = PBXBuildFile; fileRef = 9D7A76D52AE432DA00158781 /* DescriptionView.swift */; };
		9D7A76D82AE4358700158781 /* ReviewsView.swift in Sources */ = {isa = PBXBuildFile; fileRef = 9D7A76D72AE4358700158781 /* ReviewsView.swift */; };
		9D7A76DA2AE43A2A00158781 /* BookActionsView.swift in Sources */ = {isa = PBXBuildFile; fileRef = 9D7A76D92AE43A2A00158781 /* BookActionsView.swift */; };
		9D7A76DC2AE43A7F00158781 /* SimilarBooksView.swift in Sources */ = {isa = PBXBuildFile; fileRef = 9D7A76DB2AE43A7F00158781 /* SimilarBooksView.swift */; };
		9D7A76DE2AE43DDC00158781 /* BookCoordinator.swift in Sources */ = {isa = PBXBuildFile; fileRef = 9D7A76DD2AE43DDC00158781 /* BookCoordinator.swift */; };
		9D7A77152AE47CDF00158781 /* SetUpReminderTrackerCoordinator.swift in Sources */ = {isa = PBXBuildFile; fileRef = 9D7A77142AE47CDF00158781 /* SetUpReminderTrackerCoordinator.swift */; };
		9DA5E4F92AE6678D00F4F99F /* ReviewPage.swift in Sources */ = {isa = PBXBuildFile; fileRef = 9DA5E4F82AE6678D00F4F99F /* ReviewPage.swift */; };
		9DA945CA2AC0BA0A002302D1 /* AppDelegate.swift in Sources */ = {isa = PBXBuildFile; fileRef = 9DA945C92AC0BA0A002302D1 /* AppDelegate.swift */; };
		9DA945CC2AC0BA0A002302D1 /* SceneDelegate.swift in Sources */ = {isa = PBXBuildFile; fileRef = 9DA945CB2AC0BA0A002302D1 /* SceneDelegate.swift */; };
		9DA945CE2AC0BA0A002302D1 /* ViewController.swift in Sources */ = {isa = PBXBuildFile; fileRef = 9DA945CD2AC0BA0A002302D1 /* ViewController.swift */; };
		9DA945D12AC0BA0A002302D1 /* Main.storyboard in Resources */ = {isa = PBXBuildFile; fileRef = 9DA945CF2AC0BA0A002302D1 /* Main.storyboard */; };
		9DA945D32AC0BA0B002302D1 /* Assets.xcassets in Resources */ = {isa = PBXBuildFile; fileRef = 9DA945D22AC0BA0B002302D1 /* Assets.xcassets */; };
		9DA945D62AC0BA0B002302D1 /* LaunchScreen.storyboard in Resources */ = {isa = PBXBuildFile; fileRef = 9DA945D42AC0BA0B002302D1 /* LaunchScreen.storyboard */; };
		9DA945DE2AC0BA26002302D1 /* .gitignore in Resources */ = {isa = PBXBuildFile; fileRef = 9DA945DD2AC0BA26002302D1 /* .gitignore */; };
		9DC2D1122AFCFA9C0087FB34 /* TextFieldModifier.swift in Sources */ = {isa = PBXBuildFile; fileRef = 9DC2D1112AFCFA9C0087FB34 /* TextFieldModifier.swift */; };
		9DC2D1152AFCFC060087FB34 /* UserActionsTitle.swift in Sources */ = {isa = PBXBuildFile; fileRef = 9DC2D1142AFCFC060087FB34 /* UserActionsTitle.swift */; };
		9DC2D1182AFD05E70087FB34 /* BookCoordinatorViewProtocol.swift in Sources */ = {isa = PBXBuildFile; fileRef = 9DC2D1172AFD05E70087FB34 /* BookCoordinatorViewProtocol.swift */; };
		9DC2D11B2AFD77E40087FB34 /* BookView.swift in Sources */ = {isa = PBXBuildFile; fileRef = 9DC2D11A2AFD77E40087FB34 /* BookView.swift */; };
		9DC2D11D2AFD79870087FB34 /* GradeView.swift in Sources */ = {isa = PBXBuildFile; fileRef = 9DC2D11C2AFD79870087FB34 /* GradeView.swift */; };
		FE171B152AFB80F300AFDCDB /* TestBookPageData.swift in Sources */ = {isa = PBXBuildFile; fileRef = FE171B142AFB80F300AFDCDB /* TestBookPageData.swift */; };
		FE171B172AFB812C00AFDCDB /* BookPageViewModel.swift in Sources */ = {isa = PBXBuildFile; fileRef = FE171B162AFB812C00AFDCDB /* BookPageViewModel.swift */; };
		FE1BF0F82AE6B9FA00FB302A /* TabBarWrapperView.swift in Sources */ = {isa = PBXBuildFile; fileRef = FE1BF0F72AE6B9FA00FB302A /* TabBarWrapperView.swift */; };
		FE314D442ACC830600BA3356 /* TrackerSetupRemindersScreenView.swift in Sources */ = {isa = PBXBuildFile; fileRef = FE314D432ACC830600BA3356 /* TrackerSetupRemindersScreenView.swift */; };
		FE347F152AD02F2400AE00DF /* DaySelectionModalView.swift in Sources */ = {isa = PBXBuildFile; fileRef = FE347F142AD02F2400AE00DF /* DaySelectionModalView.swift */; };
		FE347F182AD032A900AE00DF /* Day.swift in Sources */ = {isa = PBXBuildFile; fileRef = FE347F172AD032A900AE00DF /* Day.swift */; };
		FE347F1A2AD055EE00AE00DF /* TimeSelectionModalView.swift in Sources */ = {isa = PBXBuildFile; fileRef = FE347F192AD055ED00AE00DF /* TimeSelectionModalView.swift */; };
		FE4931442ADEB3A60020D805 /* TabbedItems.swift in Sources */ = {isa = PBXBuildFile; fileRef = FE4931432ADEB3A60020D805 /* TabbedItems.swift */; };
		FE4B8B002ADEA94A00FE28CE /* HomePageScreenView.swift in Sources */ = {isa = PBXBuildFile; fileRef = FE4B8AFF2ADEA94A00FE28CE /* HomePageScreenView.swift */; };
		FE4B8B042ADEA9B800FE28CE /* ScanScreenView.swift in Sources */ = {isa = PBXBuildFile; fileRef = FE4B8B032ADEA9B800FE28CE /* ScanScreenView.swift */; };
		FE4B8B062ADEA9D200FE28CE /* SettingsScreenView.swift in Sources */ = {isa = PBXBuildFile; fileRef = FE4B8B052ADEA9D200FE28CE /* SettingsScreenView.swift */; };
		FE5BC0622AEACFE9008F366F /* RecommendationsScreenView.swift in Sources */ = {isa = PBXBuildFile; fileRef = FE5BC0612AEACFE9008F366F /* RecommendationsScreenView.swift */; };
		FE5BC0642AEACFF2008F366F /* BookAddingScreenView.swift in Sources */ = {isa = PBXBuildFile; fileRef = FE5BC0632AEACFF2008F366F /* BookAddingScreenView.swift */; };
		FE5BC06B2AEAD01B008F366F /* SearchBookTextField.swift in Sources */ = {isa = PBXBuildFile; fileRef = FE5BC0682AEAD01B008F366F /* SearchBookTextField.swift */; };
		FE5BC06C2AEAD01B008F366F /* SectionNameView.swift in Sources */ = {isa = PBXBuildFile; fileRef = FE5BC0692AEAD01B008F366F /* SectionNameView.swift */; };
		FE5BC06D2AEAD01B008F366F /* NotFoundView.swift in Sources */ = {isa = PBXBuildFile; fileRef = FE5BC06A2AEAD01B008F366F /* NotFoundView.swift */; };
		FE5BC06F2AEAD369008F366F /* BookAddingCoordinator.swift in Sources */ = {isa = PBXBuildFile; fileRef = FE5BC06E2AEAD369008F366F /* BookAddingCoordinator.swift */; };
		FE5BC0712AEAD774008F366F /* TextFieldSection.swift in Sources */ = {isa = PBXBuildFile; fileRef = FE5BC0702AEAD774008F366F /* TextFieldSection.swift */; };
		FE5BC0772AEAD9A6008F366F /* AddBookTextField.swift in Sources */ = {isa = PBXBuildFile; fileRef = FE5BC0762AEAD9A6008F366F /* AddBookTextField.swift */; };
		FE70D79B2AC819400018C5A1 /* LoginScreenView.swift in Sources */ = {isa = PBXBuildFile; fileRef = FE70D79A2AC819400018C5A1 /* LoginScreenView.swift */; };
		FE70D79E2AC861A90018C5A1 /* RestorePasswordStartScreenView.swift in Sources */ = {isa = PBXBuildFile; fileRef = FE70D79D2AC861A90018C5A1 /* RestorePasswordStartScreenView.swift */; };
		FE713E4D2AC5DF9900F6DA62 /* SplashScreenView.swift in Sources */ = {isa = PBXBuildFile; fileRef = FE713E4C2AC5DF9900F6DA62 /* SplashScreenView.swift */; };
		FE7A80112AC60EA0000A8711 /* StartScreenView.swift in Sources */ = {isa = PBXBuildFile; fileRef = FE7A80102AC60EA0000A8711 /* StartScreenView.swift */; };
		FE7ABC562AF932AC0069C4C4 /* TextFieldDynamicWidth.swift in Sources */ = {isa = PBXBuildFile; fileRef = FE7ABC552AF932AC0069C4C4 /* TextFieldDynamicWidth.swift */; };
		FE9119442AEBDDF600B31380 /* GalleryPickerView.swift in Sources */ = {isa = PBXBuildFile; fileRef = FE9119432AEBDDF600B31380 /* GalleryPickerView.swift */; };
		FE91194C2AEC44E500B31380 /* ImagePicker.swift in Sources */ = {isa = PBXBuildFile; fileRef = FE91194B2AEC44E500B31380 /* ImagePicker.swift */; };
		FEAA59B82ACB2E12004AE907 /* RestorePasswordScreenConfirmationView.swift in Sources */ = {isa = PBXBuildFile; fileRef = FEAA59B72ACB2E12004AE907 /* RestorePasswordScreenConfirmationView.swift */; };
		FEAA59BA2ACB38F6004AE907 /* RestorePasswordScreenSuccessView.swift in Sources */ = {isa = PBXBuildFile; fileRef = FEAA59B92ACB38F6004AE907 /* RestorePasswordScreenSuccessView.swift */; };
		FEAAB6322AFB7F4D009C0919 /* TextModifier.swift in Sources */ = {isa = PBXBuildFile; fileRef = FEAAB6312AFB7F4D009C0919 /* TextModifier.swift */; };
		FEAB7AF12AE2BD000057F3C5 /* StatisticsView.swift in Sources */ = {isa = PBXBuildFile; fileRef = FEAB7AF02AE2BD000057F3C5 /* StatisticsView.swift */; };
		FEC8EB082AD07D4600EB102F /* TrackerSetupConfirmationScreenView.swift in Sources */ = {isa = PBXBuildFile; fileRef = FEC8EB072AD07D4600EB102F /* TrackerSetupConfirmationScreenView.swift */; };
		FED451272AF3DE6B00FAAFA5 /* ImagePickerRegistration.swift in Sources */ = {isa = PBXBuildFile; fileRef = FED451262AF3DE6B00FAAFA5 /* ImagePickerRegistration.swift */; };
		FED451292AF3EBE000FAAFA5 /* ImageExtension.swift in Sources */ = {isa = PBXBuildFile; fileRef = FED451282AF3EBE000FAAFA5 /* ImageExtension.swift */; };
		FEF6972B2AC5E7CF00708E1E /* CustomColors.swift in Sources */ = {isa = PBXBuildFile; fileRef = FEF6972A2AC5E7CF00708E1E /* CustomColors.swift */; };
		FEF697302AC5EF1800708E1E /* CustomActivityIndicator.swift in Sources */ = {isa = PBXBuildFile; fileRef = FEF6972F2AC5EF1800708E1E /* CustomActivityIndicator.swift */; };
/* End PBXBuildFile section */

/* Begin PBXFileReference section */
		9D055E9E2AE0E42300BDDF50 /* EntryCoordinator.swift */ = {isa = PBXFileReference; lastKnownFileType = sourcecode.swift; path = EntryCoordinator.swift; sourceTree = "<group>"; };
		9D055EA02AE0E45E00BDDF50 /* MainCoordinator.swift */ = {isa = PBXFileReference; lastKnownFileType = sourcecode.swift; path = MainCoordinator.swift; sourceTree = "<group>"; };
		9D055EA22AE0E47E00BDDF50 /* RegistrationOnboardingCoordinator.swift */ = {isa = PBXFileReference; lastKnownFileType = sourcecode.swift; path = RegistrationOnboardingCoordinator.swift; sourceTree = "<group>"; };
		9D055EA42AE0E49600BDDF50 /* ResetPasswordCoordinator.swift */ = {isa = PBXFileReference; lastKnownFileType = sourcecode.swift; path = ResetPasswordCoordinator.swift; sourceTree = "<group>"; };
		9D055EA62AE0EC0A00BDDF50 /* PasswordTextField.swift */ = {isa = PBXFileReference; lastKnownFileType = sourcecode.swift; path = PasswordTextField.swift; sourceTree = "<group>"; };
		9D055EAB2AE0EE0E00BDDF50 /* RegistrationView.swift */ = {isa = PBXFileReference; lastKnownFileType = sourcecode.swift; path = RegistrationView.swift; sourceTree = "<group>"; };
		9D055EAD2AE0EEC800BDDF50 /* BookModel.swift */ = {isa = PBXFileReference; lastKnownFileType = sourcecode.swift; path = BookModel.swift; sourceTree = "<group>"; };
		9D055EAF2AE0EEE800BDDF50 /* MainScreen.swift */ = {isa = PBXFileReference; lastKnownFileType = sourcecode.swift; path = MainScreen.swift; sourceTree = "<group>"; };
		9D055EB12AE0EEFB00BDDF50 /* BooksCollectionView.swift */ = {isa = PBXFileReference; lastKnownFileType = sourcecode.swift; path = BooksCollectionView.swift; sourceTree = "<group>"; };
		9D055EB32AE0EF0A00BDDF50 /* BookChallengeView.swift */ = {isa = PBXFileReference; lastKnownFileType = sourcecode.swift; path = BookChallengeView.swift; sourceTree = "<group>"; };
		9D055EB62AE0EF3B00BDDF50 /* CurrentLibraryView.swift */ = {isa = PBXFileReference; lastKnownFileType = sourcecode.swift; path = CurrentLibraryView.swift; sourceTree = "<group>"; };
		9D055EBA2AE0EF8E00BDDF50 /* FriendModel.swift */ = {isa = PBXFileReference; lastKnownFileType = sourcecode.swift; path = FriendModel.swift; sourceTree = "<group>"; };
		9D055EBD2AE0EFA600BDDF50 /* FriendsStatisticView.swift */ = {isa = PBXFileReference; lastKnownFileType = sourcecode.swift; path = FriendsStatisticView.swift; sourceTree = "<group>"; };
		9D055EC22AE0EFEB00BDDF50 /* MyProgress.swift */ = {isa = PBXFileReference; lastKnownFileType = sourcecode.swift; path = MyProgress.swift; sourceTree = "<group>"; };
		9D055EC42AE0EFFC00BDDF50 /* TrackerView.swift */ = {isa = PBXFileReference; lastKnownFileType = sourcecode.swift; path = TrackerView.swift; sourceTree = "<group>"; };
		9D61F9BA2AD881D40000393C /* RegistrationOnBoardingStep2View.swift */ = {isa = PBXFileReference; lastKnownFileType = sourcecode.swift; path = RegistrationOnBoardingStep2View.swift; sourceTree = "<group>"; };
		9D61F9BF2AD882360000393C /* CoordinatorProtocol.swift */ = {isa = PBXFileReference; lastKnownFileType = sourcecode.swift; path = CoordinatorProtocol.swift; sourceTree = "<group>"; };
		9D61F9C12AD8825D0000393C /* TrackerCoordinator.swift */ = {isa = PBXFileReference; lastKnownFileType = sourcecode.swift; path = TrackerCoordinator.swift; sourceTree = "<group>"; };
		9D61F9C42AD882B30000393C /* ButtonView.swift */ = {isa = PBXFileReference; lastKnownFileType = sourcecode.swift; path = ButtonView.swift; sourceTree = "<group>"; };
		9D61F9C62AD882D70000393C /* HeadlineTextModifier.swift */ = {isa = PBXFileReference; lastKnownFileType = sourcecode.swift; path = HeadlineTextModifier.swift; sourceTree = "<group>"; };
		9D61F9C82AD882F20000393C /* NumberTextField.swift */ = {isa = PBXFileReference; lastKnownFileType = sourcecode.swift; path = NumberTextField.swift; sourceTree = "<group>"; };
		9D61F9CA2AD883090000393C /* TextFieldTime.swift */ = {isa = PBXFileReference; lastKnownFileType = sourcecode.swift; path = TextFieldTime.swift; sourceTree = "<group>"; };
		9D61F9D02AD884180000393C /* RegistrationOnboardingStep3View.swift */ = {isa = PBXFileReference; lastKnownFileType = sourcecode.swift; path = RegistrationOnboardingStep3View.swift; sourceTree = "<group>"; };
		9D61F9D52AD884760000393C /* RegistrationOnboardingStep4View.swift */ = {isa = PBXFileReference; lastKnownFileType = sourcecode.swift; path = RegistrationOnboardingStep4View.swift; sourceTree = "<group>"; };
		9D61F9DB2AD884D90000393C /* GenreModel.swift */ = {isa = PBXFileReference; lastKnownFileType = sourcecode.swift; path = GenreModel.swift; sourceTree = "<group>"; };
		9D61F9DD2AD884F70000393C /* CustomButtonStyle.swift */ = {isa = PBXFileReference; lastKnownFileType = sourcecode.swift; path = CustomButtonStyle.swift; sourceTree = "<group>"; };
		9D61F9DF2AD885100000393C /* GenreSelection.swift */ = {isa = PBXFileReference; lastKnownFileType = sourcecode.swift; path = GenreSelection.swift; sourceTree = "<group>"; };
		9D61F9E12AD885290000393C /* RegistrationStep5View.swift */ = {isa = PBXFileReference; lastKnownFileType = sourcecode.swift; path = RegistrationStep5View.swift; sourceTree = "<group>"; };
		9D61F9E62AD885950000393C /* RegistrationOnboardingStep6View.swift */ = {isa = PBXFileReference; lastKnownFileType = sourcecode.swift; path = RegistrationOnboardingStep6View.swift; sourceTree = "<group>"; };
		9D61F9EF2AD888840000393C /* SetupTrackerStep1View.swift */ = {isa = PBXFileReference; lastKnownFileType = sourcecode.swift; path = SetupTrackerStep1View.swift; sourceTree = "<group>"; };
		9D61F9F52AD888B90000393C /* SetupTrackerStep2View.swift */ = {isa = PBXFileReference; lastKnownFileType = sourcecode.swift; path = SetupTrackerStep2View.swift; sourceTree = "<group>"; };
		9D61F9FB2AD8896B0000393C /* SetupTrackerStep3View.swift */ = {isa = PBXFileReference; lastKnownFileType = sourcecode.swift; path = SetupTrackerStep3View.swift; sourceTree = "<group>"; };
		9D61FA012AD889B20000393C /* SetupTrackerStep4View.swift */ = {isa = PBXFileReference; lastKnownFileType = sourcecode.swift; path = SetupTrackerStep4View.swift; sourceTree = "<group>"; };
		9D61FA032AD889F90000393C /* NavBar.swift */ = {isa = PBXFileReference; lastKnownFileType = sourcecode.swift; path = NavBar.swift; sourceTree = "<group>"; };
		9D714E292AE8238600992E09 /* MakeReviewPage.swift */ = {isa = PBXFileReference; lastKnownFileType = sourcecode.swift; path = MakeReviewPage.swift; sourceTree = "<group>"; };
		9D714E2F2AE8E03400992E09 /* AddBookToListPage.swift */ = {isa = PBXFileReference; lastKnownFileType = sourcecode.swift; path = AddBookToListPage.swift; sourceTree = "<group>"; };
		9D714E322AE8E11B00992E09 /* ListCategories.swift */ = {isa = PBXFileReference; lastKnownFileType = sourcecode.swift; path = ListCategories.swift; sourceTree = "<group>"; };
		9D714E582AE9C94E00992E09 /* MainCoordinatorProtocol.swift */ = {isa = PBXFileReference; lastKnownFileType = sourcecode.swift; path = MainCoordinatorProtocol.swift; sourceTree = "<group>"; };
		9D714E5A2AE9C98A00992E09 /* MainCoordinatorWithTabBar.swift */ = {isa = PBXFileReference; lastKnownFileType = sourcecode.swift; path = MainCoordinatorWithTabBar.swift; sourceTree = "<group>"; };
		9D714E612AEA4A2C00992E09 /* SettingsCoordinator.swift */ = {isa = PBXFileReference; lastKnownFileType = sourcecode.swift; path = SettingsCoordinator.swift; sourceTree = "<group>"; };
		9D714E652AEA4D7000992E09 /* CustomTabBarController.swift */ = {isa = PBXFileReference; lastKnownFileType = sourcecode.swift; path = CustomTabBarController.swift; sourceTree = "<group>"; };
		9D714E672AEA50B500992E09 /* RecommendationsCoordinator.swift */ = {isa = PBXFileReference; lastKnownFileType = sourcecode.swift; path = RecommendationsCoordinator.swift; sourceTree = "<group>"; };
		9D714E692AEA521700992E09 /* ScanCoordinator.swift */ = {isa = PBXFileReference; lastKnownFileType = sourcecode.swift; path = ScanCoordinator.swift; sourceTree = "<group>"; };
		9D7A76CD2AE42A1C00158781 /* BookPage.swift */ = {isa = PBXFileReference; lastKnownFileType = sourcecode.swift; path = BookPage.swift; sourceTree = "<group>"; };
		9D7A76D22AE42BE500158781 /* BookPageModel.swift */ = {isa = PBXFileReference; lastKnownFileType = sourcecode.swift; path = BookPageModel.swift; sourceTree = "<group>"; };
		9D7A76D52AE432DA00158781 /* DescriptionView.swift */ = {isa = PBXFileReference; lastKnownFileType = sourcecode.swift; path = DescriptionView.swift; sourceTree = "<group>"; };
		9D7A76D72AE4358700158781 /* ReviewsView.swift */ = {isa = PBXFileReference; lastKnownFileType = sourcecode.swift; path = ReviewsView.swift; sourceTree = "<group>"; };
		9D7A76D92AE43A2A00158781 /* BookActionsView.swift */ = {isa = PBXFileReference; lastKnownFileType = sourcecode.swift; path = BookActionsView.swift; sourceTree = "<group>"; };
		9D7A76DB2AE43A7F00158781 /* SimilarBooksView.swift */ = {isa = PBXFileReference; lastKnownFileType = sourcecode.swift; path = SimilarBooksView.swift; sourceTree = "<group>"; };
		9D7A76DD2AE43DDC00158781 /* BookCoordinator.swift */ = {isa = PBXFileReference; lastKnownFileType = sourcecode.swift; path = BookCoordinator.swift; sourceTree = "<group>"; };
		9D7A77142AE47CDF00158781 /* SetUpReminderTrackerCoordinator.swift */ = {isa = PBXFileReference; lastKnownFileType = sourcecode.swift; path = SetUpReminderTrackerCoordinator.swift; sourceTree = "<group>"; };
		9DA5E4F82AE6678D00F4F99F /* ReviewPage.swift */ = {isa = PBXFileReference; lastKnownFileType = sourcecode.swift; path = ReviewPage.swift; sourceTree = "<group>"; };
		9DA945C62AC0BA0A002302D1 /* KnigomaniaApp.app */ = {isa = PBXFileReference; explicitFileType = wrapper.application; includeInIndex = 0; path = KnigomaniaApp.app; sourceTree = BUILT_PRODUCTS_DIR; };
		9DA945C92AC0BA0A002302D1 /* AppDelegate.swift */ = {isa = PBXFileReference; lastKnownFileType = sourcecode.swift; path = AppDelegate.swift; sourceTree = "<group>"; };
		9DA945CB2AC0BA0A002302D1 /* SceneDelegate.swift */ = {isa = PBXFileReference; lastKnownFileType = sourcecode.swift; path = SceneDelegate.swift; sourceTree = "<group>"; };
		9DA945CD2AC0BA0A002302D1 /* ViewController.swift */ = {isa = PBXFileReference; lastKnownFileType = sourcecode.swift; path = ViewController.swift; sourceTree = "<group>"; };
		9DA945D02AC0BA0A002302D1 /* Base */ = {isa = PBXFileReference; lastKnownFileType = file.storyboard; name = Base; path = Base.lproj/Main.storyboard; sourceTree = "<group>"; };
		9DA945D22AC0BA0B002302D1 /* Assets.xcassets */ = {isa = PBXFileReference; lastKnownFileType = folder.assetcatalog; path = Assets.xcassets; sourceTree = "<group>"; };
		9DA945D52AC0BA0B002302D1 /* Base */ = {isa = PBXFileReference; lastKnownFileType = file.storyboard; name = Base; path = Base.lproj/LaunchScreen.storyboard; sourceTree = "<group>"; };
		9DA945D72AC0BA0B002302D1 /* Info.plist */ = {isa = PBXFileReference; lastKnownFileType = text.plist.xml; path = Info.plist; sourceTree = "<group>"; };
		9DA945DD2AC0BA26002302D1 /* .gitignore */ = {isa = PBXFileReference; lastKnownFileType = text; path = .gitignore; sourceTree = "<group>"; };
		9DC2D1112AFCFA9C0087FB34 /* TextFieldModifier.swift */ = {isa = PBXFileReference; lastKnownFileType = sourcecode.swift; path = TextFieldModifier.swift; sourceTree = "<group>"; };
		9DC2D1142AFCFC060087FB34 /* UserActionsTitle.swift */ = {isa = PBXFileReference; lastKnownFileType = sourcecode.swift; path = UserActionsTitle.swift; sourceTree = "<group>"; };
		9DC2D1172AFD05E70087FB34 /* BookCoordinatorViewProtocol.swift */ = {isa = PBXFileReference; lastKnownFileType = sourcecode.swift; path = BookCoordinatorViewProtocol.swift; sourceTree = "<group>"; };
		9DC2D11A2AFD77E40087FB34 /* BookView.swift */ = {isa = PBXFileReference; lastKnownFileType = sourcecode.swift; path = BookView.swift; sourceTree = "<group>"; };
		9DC2D11C2AFD79870087FB34 /* GradeView.swift */ = {isa = PBXFileReference; lastKnownFileType = sourcecode.swift; path = GradeView.swift; sourceTree = "<group>"; };
		FE171B142AFB80F300AFDCDB /* TestBookPageData.swift */ = {isa = PBXFileReference; fileEncoding = 4; lastKnownFileType = sourcecode.swift; path = TestBookPageData.swift; sourceTree = "<group>"; };
		FE171B162AFB812C00AFDCDB /* BookPageViewModel.swift */ = {isa = PBXFileReference; fileEncoding = 4; lastKnownFileType = sourcecode.swift; path = BookPageViewModel.swift; sourceTree = "<group>"; };
		FE1BF0F72AE6B9FA00FB302A /* TabBarWrapperView.swift */ = {isa = PBXFileReference; lastKnownFileType = sourcecode.swift; path = TabBarWrapperView.swift; sourceTree = "<group>"; };
		FE314D432ACC830600BA3356 /* TrackerSetupRemindersScreenView.swift */ = {isa = PBXFileReference; lastKnownFileType = sourcecode.swift; path = TrackerSetupRemindersScreenView.swift; sourceTree = "<group>"; };
		FE347F142AD02F2400AE00DF /* DaySelectionModalView.swift */ = {isa = PBXFileReference; lastKnownFileType = sourcecode.swift; path = DaySelectionModalView.swift; sourceTree = "<group>"; };
		FE347F172AD032A900AE00DF /* Day.swift */ = {isa = PBXFileReference; lastKnownFileType = sourcecode.swift; path = Day.swift; sourceTree = "<group>"; };
		FE347F192AD055ED00AE00DF /* TimeSelectionModalView.swift */ = {isa = PBXFileReference; lastKnownFileType = sourcecode.swift; path = TimeSelectionModalView.swift; sourceTree = "<group>"; };
		FE4931432ADEB3A60020D805 /* TabbedItems.swift */ = {isa = PBXFileReference; lastKnownFileType = sourcecode.swift; path = TabbedItems.swift; sourceTree = "<group>"; };
		FE4B8AFF2ADEA94A00FE28CE /* HomePageScreenView.swift */ = {isa = PBXFileReference; lastKnownFileType = sourcecode.swift; path = HomePageScreenView.swift; sourceTree = "<group>"; };
		FE4B8B032ADEA9B800FE28CE /* ScanScreenView.swift */ = {isa = PBXFileReference; lastKnownFileType = sourcecode.swift; path = ScanScreenView.swift; sourceTree = "<group>"; };
		FE4B8B052ADEA9D200FE28CE /* SettingsScreenView.swift */ = {isa = PBXFileReference; lastKnownFileType = sourcecode.swift; path = SettingsScreenView.swift; sourceTree = "<group>"; };
		FE5BC0612AEACFE9008F366F /* RecommendationsScreenView.swift */ = {isa = PBXFileReference; fileEncoding = 4; lastKnownFileType = sourcecode.swift; path = RecommendationsScreenView.swift; sourceTree = "<group>"; };
		FE5BC0632AEACFF2008F366F /* BookAddingScreenView.swift */ = {isa = PBXFileReference; fileEncoding = 4; lastKnownFileType = sourcecode.swift; path = BookAddingScreenView.swift; sourceTree = "<group>"; };
		FE5BC0682AEAD01B008F366F /* SearchBookTextField.swift */ = {isa = PBXFileReference; fileEncoding = 4; lastKnownFileType = sourcecode.swift; path = SearchBookTextField.swift; sourceTree = "<group>"; };
		FE5BC0692AEAD01B008F366F /* SectionNameView.swift */ = {isa = PBXFileReference; fileEncoding = 4; lastKnownFileType = sourcecode.swift; path = SectionNameView.swift; sourceTree = "<group>"; };
		FE5BC06A2AEAD01B008F366F /* NotFoundView.swift */ = {isa = PBXFileReference; fileEncoding = 4; lastKnownFileType = sourcecode.swift; path = NotFoundView.swift; sourceTree = "<group>"; };
		FE5BC06E2AEAD369008F366F /* BookAddingCoordinator.swift */ = {isa = PBXFileReference; lastKnownFileType = sourcecode.swift; path = BookAddingCoordinator.swift; sourceTree = "<group>"; };
		FE5BC0702AEAD774008F366F /* TextFieldSection.swift */ = {isa = PBXFileReference; lastKnownFileType = sourcecode.swift; path = TextFieldSection.swift; sourceTree = "<group>"; };
		FE5BC0762AEAD9A6008F366F /* AddBookTextField.swift */ = {isa = PBXFileReference; lastKnownFileType = sourcecode.swift; path = AddBookTextField.swift; sourceTree = "<group>"; };
		FE70D79A2AC819400018C5A1 /* LoginScreenView.swift */ = {isa = PBXFileReference; lastKnownFileType = sourcecode.swift; path = LoginScreenView.swift; sourceTree = "<group>"; };
		FE70D79D2AC861A90018C5A1 /* RestorePasswordStartScreenView.swift */ = {isa = PBXFileReference; lastKnownFileType = sourcecode.swift; path = RestorePasswordStartScreenView.swift; sourceTree = "<group>"; };
		FE713E4C2AC5DF9900F6DA62 /* SplashScreenView.swift */ = {isa = PBXFileReference; lastKnownFileType = sourcecode.swift; path = SplashScreenView.swift; sourceTree = "<group>"; };
		FE7A80102AC60EA0000A8711 /* StartScreenView.swift */ = {isa = PBXFileReference; lastKnownFileType = sourcecode.swift; path = StartScreenView.swift; sourceTree = "<group>"; };
		FE7ABC552AF932AC0069C4C4 /* TextFieldDynamicWidth.swift */ = {isa = PBXFileReference; lastKnownFileType = sourcecode.swift; path = TextFieldDynamicWidth.swift; sourceTree = "<group>"; };
		FE9119432AEBDDF600B31380 /* GalleryPickerView.swift */ = {isa = PBXFileReference; lastKnownFileType = sourcecode.swift; path = GalleryPickerView.swift; sourceTree = "<group>"; };
		FE91194B2AEC44E500B31380 /* ImagePicker.swift */ = {isa = PBXFileReference; lastKnownFileType = sourcecode.swift; path = ImagePicker.swift; sourceTree = "<group>"; };
		FEAA59B72ACB2E12004AE907 /* RestorePasswordScreenConfirmationView.swift */ = {isa = PBXFileReference; lastKnownFileType = sourcecode.swift; path = RestorePasswordScreenConfirmationView.swift; sourceTree = "<group>"; };
		FEAA59B92ACB38F6004AE907 /* RestorePasswordScreenSuccessView.swift */ = {isa = PBXFileReference; lastKnownFileType = sourcecode.swift; path = RestorePasswordScreenSuccessView.swift; sourceTree = "<group>"; };
		FEAAB6312AFB7F4D009C0919 /* TextModifier.swift */ = {isa = PBXFileReference; fileEncoding = 4; lastKnownFileType = sourcecode.swift; path = TextModifier.swift; sourceTree = "<group>"; };
		FEAB7AF02AE2BD000057F3C5 /* StatisticsView.swift */ = {isa = PBXFileReference; lastKnownFileType = sourcecode.swift; path = StatisticsView.swift; sourceTree = "<group>"; };
		FEC8EB072AD07D4600EB102F /* TrackerSetupConfirmationScreenView.swift */ = {isa = PBXFileReference; lastKnownFileType = sourcecode.swift; path = TrackerSetupConfirmationScreenView.swift; sourceTree = "<group>"; };
		FED451262AF3DE6B00FAAFA5 /* ImagePickerRegistration.swift */ = {isa = PBXFileReference; fileEncoding = 4; lastKnownFileType = sourcecode.swift; path = ImagePickerRegistration.swift; sourceTree = "<group>"; };
		FED451282AF3EBE000FAAFA5 /* ImageExtension.swift */ = {isa = PBXFileReference; lastKnownFileType = sourcecode.swift; path = ImageExtension.swift; sourceTree = "<group>"; };
		FEF6972A2AC5E7CF00708E1E /* CustomColors.swift */ = {isa = PBXFileReference; lastKnownFileType = sourcecode.swift; path = CustomColors.swift; sourceTree = "<group>"; };
		FEF6972F2AC5EF1800708E1E /* CustomActivityIndicator.swift */ = {isa = PBXFileReference; lastKnownFileType = sourcecode.swift; path = CustomActivityIndicator.swift; sourceTree = "<group>"; };
/* End PBXFileReference section */

/* Begin PBXFrameworksBuildPhase section */
		9DA945C32AC0BA0A002302D1 /* Frameworks */ = {
			isa = PBXFrameworksBuildPhase;
			buildActionMask = 2147483647;
			files = (
			);
			runOnlyForDeploymentPostprocessing = 0;
		};
/* End PBXFrameworksBuildPhase section */

/* Begin PBXGroup section */
		9D055E9D2AE0E3EC00BDDF50 /* Protocols */ = {
			isa = PBXGroup;
			children = (
				9D61F9BF2AD882360000393C /* CoordinatorProtocol.swift */,
				9D714E582AE9C94E00992E09 /* MainCoordinatorProtocol.swift */,
			);
			path = Protocols;
			sourceTree = "<group>";
		};
		9D055EA82AE0EDE200BDDF50 /* RegistrationScreen */ = {
			isa = PBXGroup;
			children = (
				9D055EA92AE0EDF500BDDF50 /* Views */,
			);
			path = RegistrationScreen;
			sourceTree = "<group>";
		};
		9D055EA92AE0EDF500BDDF50 /* Views */ = {
			isa = PBXGroup;
			children = (
				9D055EAB2AE0EE0E00BDDF50 /* RegistrationView.swift */,
			);
			path = Views;
			sourceTree = "<group>";
		};
		9D055EB52AE0EF1C00BDDF50 /* CurrentLibraryView */ = {
			isa = PBXGroup;
			children = (
				9D055EB62AE0EF3B00BDDF50 /* CurrentLibraryView.swift */,
			);
			path = CurrentLibraryView;
			sourceTree = "<group>";
		};
		9D055EB82AE0EF6800BDDF50 /* FriendsStatisticsView */ = {
			isa = PBXGroup;
			children = (
				9D055EBC2AE0EF9700BDDF50 /* Views */,
				9D055EB92AE0EF7C00BDDF50 /* Models */,
			);
			path = FriendsStatisticsView;
			sourceTree = "<group>";
		};
		9D055EB92AE0EF7C00BDDF50 /* Models */ = {
			isa = PBXGroup;
			children = (
				9D055EBA2AE0EF8E00BDDF50 /* FriendModel.swift */,
			);
			path = Models;
			sourceTree = "<group>";
		};
		9D055EBC2AE0EF9700BDDF50 /* Views */ = {
			isa = PBXGroup;
			children = (
				9D055EBD2AE0EFA600BDDF50 /* FriendsStatisticView.swift */,
			);
			path = Views;
			sourceTree = "<group>";
		};
		9D055EC02AE0EFD500BDDF50 /* MyProgress */ = {
			isa = PBXGroup;
			children = (
				9D055EC12AE0EFDF00BDDF50 /* Views */,
			);
			path = MyProgress;
			sourceTree = "<group>";
		};
		9D055EC12AE0EFDF00BDDF50 /* Views */ = {
			isa = PBXGroup;
			children = (
				9D055EC22AE0EFEB00BDDF50 /* MyProgress.swift */,
				9D055EC42AE0EFFC00BDDF50 /* TrackerView.swift */,
			);
			path = Views;
			sourceTree = "<group>";
		};
		9D61F9B62AD881810000393C /* RegistrationOnboarding */ = {
			isa = PBXGroup;
			children = (
				9D61F9E32AD885760000393C /* Step6 */,
				9D61F9D72AD884930000393C /* Step5 */,
				9D61F9D22AD8844B0000393C /* Step4 */,
				9D61F9CC2AD883EE0000393C /* Step3 */,
				9D61F9B72AD881A90000393C /* Step2 */,
			);
			path = RegistrationOnboarding;
			sourceTree = "<group>";
		};
		9D61F9B72AD881A90000393C /* Step2 */ = {
			isa = PBXGroup;
			children = (
				9D61F9B82AD881AF0000393C /* Views */,
			);
			path = Step2;
			sourceTree = "<group>";
		};
		9D61F9B82AD881AF0000393C /* Views */ = {
			isa = PBXGroup;
			children = (
				9D61F9BA2AD881D40000393C /* RegistrationOnBoardingStep2View.swift */,
			);
			path = Views;
			sourceTree = "<group>";
		};
		9D61F9BC2AD881EE0000393C /* Coordinators */ = {
			isa = PBXGroup;
			children = (
				9D055E9D2AE0E3EC00BDDF50 /* Protocols */,
				9D055E9E2AE0E42300BDDF50 /* EntryCoordinator.swift */,
				9D7A77142AE47CDF00158781 /* SetUpReminderTrackerCoordinator.swift */,
				9D61F9C12AD8825D0000393C /* TrackerCoordinator.swift */,
				9D714E5A2AE9C98A00992E09 /* MainCoordinatorWithTabBar.swift */,
				9D055EA02AE0E45E00BDDF50 /* MainCoordinator.swift */,
				9D714E612AEA4A2C00992E09 /* SettingsCoordinator.swift */,
				9D714E672AEA50B500992E09 /* RecommendationsCoordinator.swift */,
				9D055EA22AE0E47E00BDDF50 /* RegistrationOnboardingCoordinator.swift */,
				9D055EA42AE0E49600BDDF50 /* ResetPasswordCoordinator.swift */,
				9D7A76DD2AE43DDC00158781 /* BookCoordinator.swift */,
				9D714E692AEA521700992E09 /* ScanCoordinator.swift */,
				FE5BC06E2AEAD369008F366F /* BookAddingCoordinator.swift */,
			);
			path = Coordinators;
			sourceTree = "<group>";
		};
		9D61F9C32AD8829A0000393C /* DesignElements */ = {
			isa = PBXGroup;
			children = (
				9D61F9C42AD882B30000393C /* ButtonView.swift */,
				9D61FA032AD889F90000393C /* NavBar.swift */,
				9D61F9CA2AD883090000393C /* TextFieldTime.swift */,
				9D055EA62AE0EC0A00BDDF50 /* PasswordTextField.swift */,
				9D714E652AEA4D7000992E09 /* CustomTabBarController.swift */,
				FEAAB6312AFB7F4D009C0919 /* TextModifier.swift */,
				9DC2D1112AFCFA9C0087FB34 /* TextFieldModifier.swift */,
			);
			path = DesignElements;
			sourceTree = "<group>";
		};
		9D61F9CC2AD883EE0000393C /* Step3 */ = {
			isa = PBXGroup;
			children = (
				9D61F9CE2AD883F90000393C /* Views */,
			);
			path = Step3;
			sourceTree = "<group>";
		};
		9D61F9CE2AD883F90000393C /* Views */ = {
			isa = PBXGroup;
			children = (
				9D61F9D02AD884180000393C /* RegistrationOnboardingStep3View.swift */,
			);
			path = Views;
			sourceTree = "<group>";
		};
		9D61F9D22AD8844B0000393C /* Step4 */ = {
			isa = PBXGroup;
			children = (
				9D61F9D32AD884560000393C /* Views */,
			);
			path = Step4;
			sourceTree = "<group>";
		};
		9D61F9D32AD884560000393C /* Views */ = {
			isa = PBXGroup;
			children = (
				9D61F9D52AD884760000393C /* RegistrationOnboardingStep4View.swift */,
			);
			path = Views;
			sourceTree = "<group>";
		};
		9D61F9D72AD884930000393C /* Step5 */ = {
			isa = PBXGroup;
			children = (
				9D61F9D92AD8849F0000393C /* Views */,
				9D61F9D82AD8849A0000393C /* Models */,
			);
			path = Step5;
			sourceTree = "<group>";
		};
		9D61F9D82AD8849A0000393C /* Models */ = {
			isa = PBXGroup;
			children = (
				9D61F9DB2AD884D90000393C /* GenreModel.swift */,
			);
			path = Models;
			sourceTree = "<group>";
		};
		9D61F9D92AD8849F0000393C /* Views */ = {
			isa = PBXGroup;
			children = (
				9D61F9DD2AD884F70000393C /* CustomButtonStyle.swift */,
				9D61F9DF2AD885100000393C /* GenreSelection.swift */,
				9D61F9E12AD885290000393C /* RegistrationStep5View.swift */,
			);
			path = Views;
			sourceTree = "<group>";
		};
		9D61F9E32AD885760000393C /* Step6 */ = {
			isa = PBXGroup;
			children = (
				9D61F9E42AD8857C0000393C /* Views */,
			);
			path = Step6;
			sourceTree = "<group>";
		};
		9D61F9E42AD8857C0000393C /* Views */ = {
			isa = PBXGroup;
			children = (
				9D61F9E62AD885950000393C /* RegistrationOnboardingStep6View.swift */,
			);
			path = Views;
			sourceTree = "<group>";
		};
		9D61F9E82AD887FB0000393C /* SetupTracker */ = {
			isa = PBXGroup;
			children = (
				FE314D422ACC81E100BA3356 /* TrackerSetupScreen */,
				9D61F9FD2AD8898B0000393C /* SetupTrackerStep4 */,
				9D61F9F72AD889170000393C /* SetupTrackerStep3 */,
				9D61F9F12AD888900000393C /* SetupTrackerStep2 */,
				9D61F9EC2AD888500000393C /* SetupTrackerStep1 */,
			);
			path = SetupTracker;
			sourceTree = "<group>";
		};
		9D61F9EC2AD888500000393C /* SetupTrackerStep1 */ = {
			isa = PBXGroup;
			children = (
				9D61F9ED2AD888650000393C /* Views */,
			);
			path = SetupTrackerStep1;
			sourceTree = "<group>";
		};
		9D61F9ED2AD888650000393C /* Views */ = {
			isa = PBXGroup;
			children = (
				9D61F9EF2AD888840000393C /* SetupTrackerStep1View.swift */,
			);
			path = Views;
			sourceTree = "<group>";
		};
		9D61F9F12AD888900000393C /* SetupTrackerStep2 */ = {
			isa = PBXGroup;
			children = (
				9D61F9F22AD888A00000393C /* Views */,
			);
			path = SetupTrackerStep2;
			sourceTree = "<group>";
		};
		9D61F9F22AD888A00000393C /* Views */ = {
			isa = PBXGroup;
			children = (
				9D61F9F52AD888B90000393C /* SetupTrackerStep2View.swift */,
			);
			path = Views;
			sourceTree = "<group>";
		};
		9D61F9F72AD889170000393C /* SetupTrackerStep3 */ = {
			isa = PBXGroup;
			children = (
				9D61F9F92AD889290000393C /* Views */,
			);
			path = SetupTrackerStep3;
			sourceTree = "<group>";
		};
		9D61F9F92AD889290000393C /* Views */ = {
			isa = PBXGroup;
			children = (
				9D61F9FB2AD8896B0000393C /* SetupTrackerStep3View.swift */,
			);
			path = Views;
			sourceTree = "<group>";
		};
		9D61F9FD2AD8898B0000393C /* SetupTrackerStep4 */ = {
			isa = PBXGroup;
			children = (
				9D61F9FE2AD8899A0000393C /* Views */,
			);
			path = SetupTrackerStep4;
			sourceTree = "<group>";
		};
		9D61F9FE2AD8899A0000393C /* Views */ = {
			isa = PBXGroup;
			children = (
				9D61FA012AD889B20000393C /* SetupTrackerStep4View.swift */,
			);
			path = Views;
			sourceTree = "<group>";
		};
		9D714E252AE8234500992E09 /* MakeRiviewPage */ = {
			isa = PBXGroup;
			children = (
				9D714E272AE8235F00992E09 /* Views */,
			);
			path = MakeRiviewPage;
			sourceTree = "<group>";
		};
		9D714E272AE8235F00992E09 /* Views */ = {
			isa = PBXGroup;
			children = (
				9D714E292AE8238600992E09 /* MakeReviewPage.swift */,
			);
			path = Views;
			sourceTree = "<group>";
		};
		9D714E2C2AE8E00400992E09 /* AddBookToList */ = {
			isa = PBXGroup;
			children = (
				9D714E312AE8E10800992E09 /* Models */,
				9D714E2D2AE8E01800992E09 /* Views */,
			);
			path = AddBookToList;
			sourceTree = "<group>";
		};
		9D714E2D2AE8E01800992E09 /* Views */ = {
			isa = PBXGroup;
			children = (
				9D714E2F2AE8E03400992E09 /* AddBookToListPage.swift */,
			);
			path = Views;
			sourceTree = "<group>";
		};
		9D714E312AE8E10800992E09 /* Models */ = {
			isa = PBXGroup;
			children = (
				9D714E322AE8E11B00992E09 /* ListCategories.swift */,
			);
			path = Models;
			sourceTree = "<group>";
		};
		9D7A76CC2AE4294E00158781 /* BookPage */ = {
			isa = PBXGroup;
			children = (
				9DC2D1192AFD77450087FB34 /* ViewModels */,
				9D7A76D02AE42BC000158781 /* Models */,
				9D7A76CF2AE42BBB00158781 /* Views */,
			);
			path = BookPage;
			sourceTree = "<group>";
		};
		9D7A76CF2AE42BBB00158781 /* Views */ = {
			isa = PBXGroup;
			children = (
				9D7A76CD2AE42A1C00158781 /* BookPage.swift */,
				9D7A76D42AE432C900158781 /* BookPageSubviews */,
			);
			path = Views;
			sourceTree = "<group>";
		};
		9D7A76D02AE42BC000158781 /* Models */ = {
			isa = PBXGroup;
			children = (
				9D7A76D22AE42BE500158781 /* BookPageModel.swift */,
			);
			path = Models;
			sourceTree = "<group>";
		};
		9D7A76D42AE432C900158781 /* BookPageSubviews */ = {
			isa = PBXGroup;
			children = (
				9DC2D11A2AFD77E40087FB34 /* BookView.swift */,
				9D7A76D52AE432DA00158781 /* DescriptionView.swift */,
				9DC2D11C2AFD79870087FB34 /* GradeView.swift */,
				9D7A76D72AE4358700158781 /* ReviewsView.swift */,
				9D7A76D92AE43A2A00158781 /* BookActionsView.swift */,
				9D7A76DB2AE43A7F00158781 /* SimilarBooksView.swift */,
			);
			path = BookPageSubviews;
			sourceTree = "<group>";
		};
		9DA5E4F12AE6669E00F4F99F /* Book */ = {
			isa = PBXGroup;
			children = (
				9DC2D1162AFD05D60087FB34 /* Protocols */,
				9D714E2C2AE8E00400992E09 /* AddBookToList */,
				9D714E252AE8234500992E09 /* MakeRiviewPage */,
				9DA5E4F22AE666B900F4F99F /* BookReviewPage */,
				9D7A76CC2AE4294E00158781 /* BookPage */,
			);
			path = Book;
			sourceTree = "<group>";
		};
		9DA5E4F22AE666B900F4F99F /* BookReviewPage */ = {
			isa = PBXGroup;
			children = (
				9DA5E4F42AE666FB00F4F99F /* Views */,
			);
			path = BookReviewPage;
			sourceTree = "<group>";
		};
		9DA5E4F42AE666FB00F4F99F /* Views */ = {
			isa = PBXGroup;
			children = (
				9DA5E4F82AE6678D00F4F99F /* ReviewPage.swift */,
			);
			path = Views;
			sourceTree = "<group>";
		};
		9DA945BD2AC0BA0A002302D1 = {
			isa = PBXGroup;
			children = (
				9DA945DD2AC0BA26002302D1 /* .gitignore */,
				9DA945C82AC0BA0A002302D1 /* KnigomaniaApp */,
				9DA945C72AC0BA0A002302D1 /* Products */,
			);
			sourceTree = "<group>";
		};
		9DA945C72AC0BA0A002302D1 /* Products */ = {
			isa = PBXGroup;
			children = (
				9DA945C62AC0BA0A002302D1 /* KnigomaniaApp.app */,
			);
			name = Products;
			sourceTree = "<group>";
		};
		9DA945C82AC0BA0A002302D1 /* KnigomaniaApp */ = {
			isa = PBXGroup;
			children = (
				FEF697282AC5E69300708E1E /* Application */,
				9DA945CD2AC0BA0A002302D1 /* ViewController.swift */,
				FEEF84C32AD9A99000B6DC39 /* Screens */,
				9D61F9C32AD8829A0000393C /* DesignElements */,
				FEF697292AC5E7B800708E1E /* Helpers */,
				9DA945CF2AC0BA0A002302D1 /* Main.storyboard */,
				9DA945D22AC0BA0B002302D1 /* Assets.xcassets */,
				9DA945D42AC0BA0B002302D1 /* LaunchScreen.storyboard */,
				9DA945D72AC0BA0B002302D1 /* Info.plist */,
			);
			path = KnigomaniaApp;
			sourceTree = "<group>";
		};
		9DC2D1132AFCFBB30087FB34 /* Data */ = {
			isa = PBXGroup;
			children = (
				FE171B142AFB80F300AFDCDB /* TestBookPageData.swift */,
				9DC2D1142AFCFC060087FB34 /* UserActionsTitle.swift */,
			);
			path = Data;
			sourceTree = "<group>";
		};
		9DC2D1162AFD05D60087FB34 /* Protocols */ = {
			isa = PBXGroup;
			children = (
				9DC2D1172AFD05E70087FB34 /* BookCoordinatorViewProtocol.swift */,
			);
			path = Protocols;
			sourceTree = "<group>";
		};
		9DC2D1192AFD77450087FB34 /* ViewModels */ = {
			isa = PBXGroup;
			children = (
				FE171B162AFB812C00AFDCDB /* BookPageViewModel.swift */,
			);
			path = ViewModels;
			sourceTree = "<group>";
		};
		FE1BF0EE2AE6A5D000FB302A /* SubViews */ = {
			isa = PBXGroup;
			children = (
				9D055EAF2AE0EEE800BDDF50 /* MainScreen.swift */,
				9D055EB12AE0EEFB00BDDF50 /* BooksCollectionView.swift */,
				9D055EB32AE0EF0A00BDDF50 /* BookChallengeView.swift */,
				FE1BF0F72AE6B9FA00FB302A /* TabBarWrapperView.swift */,
			);
			path = SubViews;
			sourceTree = "<group>";
		};
		FE314D422ACC81E100BA3356 /* TrackerSetupScreen */ = {
			isa = PBXGroup;
			children = (
				FE314D432ACC830600BA3356 /* TrackerSetupRemindersScreenView.swift */,
				FEC8EB072AD07D4600EB102F /* TrackerSetupConfirmationScreenView.swift */,
				FE314D452ACC8E0600BA3356 /* SubViews */,
				FE347F162AD0326A00AE00DF /* Models */,
			);
			path = TrackerSetupScreen;
			sourceTree = "<group>";
		};
		FE314D452ACC8E0600BA3356 /* SubViews */ = {
			isa = PBXGroup;
			children = (
				FE347F142AD02F2400AE00DF /* DaySelectionModalView.swift */,
				FE347F192AD055ED00AE00DF /* TimeSelectionModalView.swift */,
			);
			path = SubViews;
			sourceTree = "<group>";
		};
		FE347F162AD0326A00AE00DF /* Models */ = {
			isa = PBXGroup;
			children = (
				FE347F172AD032A900AE00DF /* Day.swift */,
			);
			path = Models;
			sourceTree = "<group>";
		};
		FE4931422ADEB3730020D805 /* Models */ = {
			isa = PBXGroup;
			children = (
				FE4931432ADEB3A60020D805 /* TabbedItems.swift */,
				9D055EAD2AE0EEC800BDDF50 /* BookModel.swift */,
			);
			path = Models;
			sourceTree = "<group>";
		};
		FE4B8AFB2ADEA62500FE28CE /* Home */ = {
			isa = PBXGroup;
			children = (
				FE4B8AFE2ADEA93000FE28CE /* Tab Items */,
				FE4931422ADEB3730020D805 /* Models */,
				FE1BF0EE2AE6A5D000FB302A /* SubViews */,
			);
			path = Home;
			sourceTree = "<group>";
		};
		FE4B8AFE2ADEA93000FE28CE /* Tab Items */ = {
			isa = PBXGroup;
			children = (
				FE5C93E72AE16FDD00107985 /* HomePage */,
				FE5BC0602AEACF2A008F366F /* Recommendations */,
				FE4B8B032ADEA9B800FE28CE /* ScanScreenView.swift */,
				FE4B8B052ADEA9D200FE28CE /* SettingsScreenView.swift */,
			);
			path = "Tab Items";
			sourceTree = "<group>";
		};
		FE5BC0602AEACF2A008F366F /* Recommendations */ = {
			isa = PBXGroup;
			children = (
				FE5BC0612AEACFE9008F366F /* RecommendationsScreenView.swift */,
				FE5BC0632AEACFF2008F366F /* BookAddingScreenView.swift */,
				FE5BC0672AEAD00D008F366F /* SubViews */,
			);
			path = Recommendations;
			sourceTree = "<group>";
		};
		FE5BC0672AEAD00D008F366F /* SubViews */ = {
			isa = PBXGroup;
			children = (
				FE5BC0682AEAD01B008F366F /* SearchBookTextField.swift */,
				FE5BC0692AEAD01B008F366F /* SectionNameView.swift */,
				FE5BC06A2AEAD01B008F366F /* NotFoundView.swift */,
				FE5BC0702AEAD774008F366F /* TextFieldSection.swift */,
				FE5BC0762AEAD9A6008F366F /* AddBookTextField.swift */,
				FE9119432AEBDDF600B31380 /* GalleryPickerView.swift */,
			);
			path = SubViews;
			sourceTree = "<group>";
		};
		FE5C93E72AE16FDD00107985 /* HomePage */ = {
			isa = PBXGroup;
			children = (
				FE4B8AFF2ADEA94A00FE28CE /* HomePageScreenView.swift */,
				FEAB7AF02AE2BD000057F3C5 /* StatisticsView.swift */,
				9D055EC02AE0EFD500BDDF50 /* MyProgress */,
				9D055EB52AE0EF1C00BDDF50 /* CurrentLibraryView */,
				9D055EB82AE0EF6800BDDF50 /* FriendsStatisticsView */,
			);
			path = HomePage;
			sourceTree = "<group>";
		};
		FE70D7952AC815510018C5A1 /* StartScreen */ = {
			isa = PBXGroup;
			children = (
				FE7A80102AC60EA0000A8711 /* StartScreenView.swift */,
			);
			path = StartScreen;
			sourceTree = "<group>";
		};
		FE70D7992AC8192F0018C5A1 /* LoginScreen */ = {
			isa = PBXGroup;
			children = (
				FE70D79A2AC819400018C5A1 /* LoginScreenView.swift */,
			);
			path = LoginScreen;
			sourceTree = "<group>";
		};
		FE70D79C2AC861790018C5A1 /* RestorePasswordScreen */ = {
			isa = PBXGroup;
			children = (
				FE70D79D2AC861A90018C5A1 /* RestorePasswordStartScreenView.swift */,
				FEAA59B72ACB2E12004AE907 /* RestorePasswordScreenConfirmationView.swift */,
				FEAA59B92ACB38F6004AE907 /* RestorePasswordScreenSuccessView.swift */,
			);
			path = RestorePasswordScreen;
			sourceTree = "<group>";
		};
		FE713E4B2AC5DE5200F6DA62 /* SplashScreen */ = {
			isa = PBXGroup;
			children = (
				FE713E4C2AC5DF9900F6DA62 /* SplashScreenView.swift */,
				FEF6972E2AC5EEFA00708E1E /* SubViews */,
			);
			path = SplashScreen;
			sourceTree = "<group>";
		};
		FEEF84C32AD9A99000B6DC39 /* Screens */ = {
			isa = PBXGroup;
			children = (
				9DA5E4F12AE6669E00F4F99F /* Book */,
				FE713E4B2AC5DE5200F6DA62 /* SplashScreen */,
				FEEF84C42AD9B05E00B6DC39 /* Auth */,
				9D61F9E82AD887FB0000393C /* SetupTracker */,
				FE4B8AFB2ADEA62500FE28CE /* Home */,
			);
			path = Screens;
			sourceTree = "<group>";
		};
		FEEF84C42AD9B05E00B6DC39 /* Auth */ = {
			isa = PBXGroup;
			children = (
				FE70D7952AC815510018C5A1 /* StartScreen */,
				9D055EA82AE0EDE200BDDF50 /* RegistrationScreen */,
				9D61F9B62AD881810000393C /* RegistrationOnboarding */,
				FE70D7992AC8192F0018C5A1 /* LoginScreen */,
				FE70D79C2AC861790018C5A1 /* RestorePasswordScreen */,
			);
			path = Auth;
			sourceTree = "<group>";
		};
		FEF697282AC5E69300708E1E /* Application */ = {
			isa = PBXGroup;
			children = (
				9D61F9BC2AD881EE0000393C /* Coordinators */,
				9DA945C92AC0BA0A002302D1 /* AppDelegate.swift */,
				9DA945CB2AC0BA0A002302D1 /* SceneDelegate.swift */,
			);
			path = Application;
			sourceTree = "<group>";
		};
		FEF697292AC5E7B800708E1E /* Helpers */ = {
			isa = PBXGroup;
			children = (
				9DC2D1132AFCFBB30087FB34 /* Data */,
				FEF6972A2AC5E7CF00708E1E /* CustomColors.swift */,
				9D61F9C62AD882D70000393C /* HeadlineTextModifier.swift */,
				9D61F9C82AD882F20000393C /* NumberTextField.swift */,
				FE91194B2AEC44E500B31380 /* ImagePicker.swift */,
				FED451262AF3DE6B00FAAFA5 /* ImagePickerRegistration.swift */,
				FED451282AF3EBE000FAAFA5 /* ImageExtension.swift */,
				FE7ABC552AF932AC0069C4C4 /* TextFieldDynamicWidth.swift */,
			);
			path = Helpers;
			sourceTree = "<group>";
		};
		FEF6972E2AC5EEFA00708E1E /* SubViews */ = {
			isa = PBXGroup;
			children = (
				FEF6972F2AC5EF1800708E1E /* CustomActivityIndicator.swift */,
			);
			path = SubViews;
			sourceTree = "<group>";
		};
/* End PBXGroup section */

/* Begin PBXNativeTarget section */
		9DA945C52AC0BA0A002302D1 /* KnigomaniaApp */ = {
			isa = PBXNativeTarget;
			buildConfigurationList = 9DA945DA2AC0BA0B002302D1 /* Build configuration list for PBXNativeTarget "KnigomaniaApp" */;
			buildPhases = (
				9DA945C22AC0BA0A002302D1 /* Sources */,
				9DA945C32AC0BA0A002302D1 /* Frameworks */,
				9DA945C42AC0BA0A002302D1 /* Resources */,
			);
			buildRules = (
			);
			dependencies = (
			);
			name = KnigomaniaApp;
			productName = KnigomaniaApp;
			productReference = 9DA945C62AC0BA0A002302D1 /* KnigomaniaApp.app */;
			productType = "com.apple.product-type.application";
		};
/* End PBXNativeTarget section */

/* Begin PBXProject section */
		9DA945BE2AC0BA0A002302D1 /* Project object */ = {
			isa = PBXProject;
			attributes = {
				BuildIndependentTargetsInParallel = 1;
				LastSwiftUpdateCheck = 1500;
				LastUpgradeCheck = 1500;
				TargetAttributes = {
					9DA945C52AC0BA0A002302D1 = {
						CreatedOnToolsVersion = 15.0;
					};
				};
			};
			buildConfigurationList = 9DA945C12AC0BA0A002302D1 /* Build configuration list for PBXProject "KnigomaniaApp" */;
			compatibilityVersion = "Xcode 14.0";
			developmentRegion = en;
			hasScannedForEncodings = 0;
			knownRegions = (
				en,
				Base,
			);
			mainGroup = 9DA945BD2AC0BA0A002302D1;
			productRefGroup = 9DA945C72AC0BA0A002302D1 /* Products */;
			projectDirPath = "";
			projectRoot = "";
			targets = (
				9DA945C52AC0BA0A002302D1 /* KnigomaniaApp */,
			);
		};
/* End PBXProject section */

/* Begin PBXResourcesBuildPhase section */
		9DA945C42AC0BA0A002302D1 /* Resources */ = {
			isa = PBXResourcesBuildPhase;
			buildActionMask = 2147483647;
			files = (
				9DA945DE2AC0BA26002302D1 /* .gitignore in Resources */,
				9DA945D62AC0BA0B002302D1 /* LaunchScreen.storyboard in Resources */,
				9DA945D32AC0BA0B002302D1 /* Assets.xcassets in Resources */,
				9DA945D12AC0BA0A002302D1 /* Main.storyboard in Resources */,
			);
			runOnlyForDeploymentPostprocessing = 0;
		};
/* End PBXResourcesBuildPhase section */

/* Begin PBXSourcesBuildPhase section */
		9DA945C22AC0BA0A002302D1 /* Sources */ = {
			isa = PBXSourcesBuildPhase;
			buildActionMask = 2147483647;
			files = (
				9D714E5B2AE9C98A00992E09 /* MainCoordinatorWithTabBar.swift in Sources */,
				FE347F182AD032A900AE00DF /* Day.swift in Sources */,
				9D7A76D32AE42BE500158781 /* BookPageModel.swift in Sources */,
				9D055EC32AE0EFEB00BDDF50 /* MyProgress.swift in Sources */,
				9D61F9FC2AD8896B0000393C /* SetupTrackerStep3View.swift in Sources */,
				FE347F1A2AD055EE00AE00DF /* TimeSelectionModalView.swift in Sources */,
				FE347F152AD02F2400AE00DF /* DaySelectionModalView.swift in Sources */,
				9D055EA12AE0E45E00BDDF50 /* MainCoordinator.swift in Sources */,
				9D055EAE2AE0EEC800BDDF50 /* BookModel.swift in Sources */,
				9D055EB22AE0EEFB00BDDF50 /* BooksCollectionView.swift in Sources */,
				9D714E662AEA4D7000992E09 /* CustomTabBarController.swift in Sources */,
				FE5BC0642AEACFF2008F366F /* BookAddingScreenView.swift in Sources */,
				9DA945CE2AC0BA0A002302D1 /* ViewController.swift in Sources */,
				FEC8EB082AD07D4600EB102F /* TrackerSetupConfirmationScreenView.swift in Sources */,
				9D7A76D82AE4358700158781 /* ReviewsView.swift in Sources */,
				9D61F9CB2AD883090000393C /* TextFieldTime.swift in Sources */,
				9D61F9D62AD884760000393C /* RegistrationOnboardingStep4View.swift in Sources */,
				FEAAB6322AFB7F4D009C0919 /* TextModifier.swift in Sources */,
				9D055EA52AE0E49600BDDF50 /* ResetPasswordCoordinator.swift in Sources */,
				9D61FA022AD889B20000393C /* SetupTrackerStep4View.swift in Sources */,
				FE5BC0712AEAD774008F366F /* TextFieldSection.swift in Sources */,
				FE314D442ACC830600BA3356 /* TrackerSetupRemindersScreenView.swift in Sources */,
				FE7ABC562AF932AC0069C4C4 /* TextFieldDynamicWidth.swift in Sources */,
				FEAB7AF12AE2BD000057F3C5 /* StatisticsView.swift in Sources */,
				9D61F9C22AD8825D0000393C /* TrackerCoordinator.swift in Sources */,
				FEF6972B2AC5E7CF00708E1E /* CustomColors.swift in Sources */,
				9D714E6A2AEA521700992E09 /* ScanCoordinator.swift in Sources */,
				9D61F9C92AD882F20000393C /* NumberTextField.swift in Sources */,
				FE5BC06B2AEAD01B008F366F /* SearchBookTextField.swift in Sources */,
				FE4B8B062ADEA9D200FE28CE /* SettingsScreenView.swift in Sources */,
				FE4B8B042ADEA9B800FE28CE /* ScanScreenView.swift in Sources */,
				9D055EAC2AE0EE0E00BDDF50 /* RegistrationView.swift in Sources */,
				FEAA59B82ACB2E12004AE907 /* RestorePasswordScreenConfirmationView.swift in Sources */,
				9D055EBB2AE0EF8E00BDDF50 /* FriendModel.swift in Sources */,
				9D055EB72AE0EF3B00BDDF50 /* CurrentLibraryView.swift in Sources */,
				9D61F9D12AD884180000393C /* RegistrationOnboardingStep3View.swift in Sources */,
				9D7A76DA2AE43A2A00158781 /* BookActionsView.swift in Sources */,
				9DA945CA2AC0BA0A002302D1 /* AppDelegate.swift in Sources */,
				9D61F9E22AD885290000393C /* RegistrationStep5View.swift in Sources */,
				FE171B152AFB80F300AFDCDB /* TestBookPageData.swift in Sources */,
				FE91194C2AEC44E500B31380 /* ImagePicker.swift in Sources */,
				9D61F9BB2AD881D40000393C /* RegistrationOnBoardingStep2View.swift in Sources */,
				9DC2D11D2AFD79870087FB34 /* GradeView.swift in Sources */,
				FE5BC0772AEAD9A6008F366F /* AddBookTextField.swift in Sources */,
				9D61F9E02AD885100000393C /* GenreSelection.swift in Sources */,
				FE7A80112AC60EA0000A8711 /* StartScreenView.swift in Sources */,
				FE70D79B2AC819400018C5A1 /* LoginScreenView.swift in Sources */,
				9DC2D1122AFCFA9C0087FB34 /* TextFieldModifier.swift in Sources */,
				9DC2D11B2AFD77E40087FB34 /* BookView.swift in Sources */,
				FE9119442AEBDDF600B31380 /* GalleryPickerView.swift in Sources */,
				9D61F9C02AD882360000393C /* CoordinatorProtocol.swift in Sources */,
				9D055EB02AE0EEE800BDDF50 /* MainScreen.swift in Sources */,
				FE1BF0F82AE6B9FA00FB302A /* TabBarWrapperView.swift in Sources */,
				9DA945CC2AC0BA0A002302D1 /* SceneDelegate.swift in Sources */,
				9D7A76DC2AE43A7F00158781 /* SimilarBooksView.swift in Sources */,
				FE171B172AFB812C00AFDCDB /* BookPageViewModel.swift in Sources */,
				9D055E9F2AE0E42300BDDF50 /* EntryCoordinator.swift in Sources */,
				FE713E4D2AC5DF9900F6DA62 /* SplashScreenView.swift in Sources */,
				FED451292AF3EBE000FAAFA5 /* ImageExtension.swift in Sources */,
				FED451272AF3DE6B00FAAFA5 /* ImagePickerRegistration.swift in Sources */,
				9D7A76D62AE432DA00158781 /* DescriptionView.swift in Sources */,
				9D61F9DC2AD884D90000393C /* GenreModel.swift in Sources */,
				9D055EA32AE0E47E00BDDF50 /* RegistrationOnboardingCoordinator.swift in Sources */,
				9D055EA72AE0EC0A00BDDF50 /* PasswordTextField.swift in Sources */,
				9D61F9C72AD882D70000393C /* HeadlineTextModifier.swift in Sources */,
				FE5BC06D2AEAD01B008F366F /* NotFoundView.swift in Sources */,
				FE70D79E2AC861A90018C5A1 /* RestorePasswordStartScreenView.swift in Sources */,
				9D714E682AEA50B500992E09 /* RecommendationsCoordinator.swift in Sources */,
				9D714E622AEA4A2C00992E09 /* SettingsCoordinator.swift in Sources */,
				9DA5E4F92AE6678D00F4F99F /* ReviewPage.swift in Sources */,
				9DC2D1182AFD05E70087FB34 /* BookCoordinatorViewProtocol.swift in Sources */,
				9D7A77152AE47CDF00158781 /* SetUpReminderTrackerCoordinator.swift in Sources */,
				FE4B8B002ADEA94A00FE28CE /* HomePageScreenView.swift in Sources */,
				FEF697302AC5EF1800708E1E /* CustomActivityIndicator.swift in Sources */,
				FE5BC06F2AEAD369008F366F /* BookAddingCoordinator.swift in Sources */,
				9D61FA042AD889F90000393C /* NavBar.swift in Sources */,
				9D714E332AE8E11B00992E09 /* ListCategories.swift in Sources */,
				9D61F9F62AD888B90000393C /* SetupTrackerStep2View.swift in Sources */,
				9D714E592AE9C94E00992E09 /* MainCoordinatorProtocol.swift in Sources */,
				9D714E302AE8E03400992E09 /* AddBookToListPage.swift in Sources */,
				9D7A76CE2AE42A1C00158781 /* BookPage.swift in Sources */,
				9D055EB42AE0EF0A00BDDF50 /* BookChallengeView.swift in Sources */,
				9DC2D1152AFCFC060087FB34 /* UserActionsTitle.swift in Sources */,
				FE5BC0622AEACFE9008F366F /* RecommendationsScreenView.swift in Sources */,
				9D61F9F02AD888840000393C /* SetupTrackerStep1View.swift in Sources */,
				9D055EBE2AE0EFA600BDDF50 /* FriendsStatisticView.swift in Sources */,
				9D61F9E72AD885950000393C /* RegistrationOnboardingStep6View.swift in Sources */,
				FE5BC06C2AEAD01B008F366F /* SectionNameView.swift in Sources */,
				FEAA59BA2ACB38F6004AE907 /* RestorePasswordScreenSuccessView.swift in Sources */,
				9D055EC52AE0EFFC00BDDF50 /* TrackerView.swift in Sources */,
				9D714E2A2AE8238600992E09 /* MakeReviewPage.swift in Sources */,
				9D61F9DE2AD884F70000393C /* CustomButtonStyle.swift in Sources */,
				9D61F9C52AD882B30000393C /* ButtonView.swift in Sources */,
				FE4931442ADEB3A60020D805 /* TabbedItems.swift in Sources */,
				9D7A76DE2AE43DDC00158781 /* BookCoordinator.swift in Sources */,
			);
			runOnlyForDeploymentPostprocessing = 0;
		};
/* End PBXSourcesBuildPhase section */

/* Begin PBXVariantGroup section */
		9DA945CF2AC0BA0A002302D1 /* Main.storyboard */ = {
			isa = PBXVariantGroup;
			children = (
				9DA945D02AC0BA0A002302D1 /* Base */,
			);
			name = Main.storyboard;
			sourceTree = "<group>";
		};
		9DA945D42AC0BA0B002302D1 /* LaunchScreen.storyboard */ = {
			isa = PBXVariantGroup;
			children = (
				9DA945D52AC0BA0B002302D1 /* Base */,
			);
			name = LaunchScreen.storyboard;
			sourceTree = "<group>";
		};
/* End PBXVariantGroup section */

/* Begin XCBuildConfiguration section */
		9DA945D82AC0BA0B002302D1 /* Debug */ = {
			isa = XCBuildConfiguration;
			buildSettings = {
				ALWAYS_SEARCH_USER_PATHS = NO;
				ASSETCATALOG_COMPILER_GENERATE_SWIFT_ASSET_SYMBOL_EXTENSIONS = YES;
				CLANG_ANALYZER_NONNULL = YES;
				CLANG_ANALYZER_NUMBER_OBJECT_CONVERSION = YES_AGGRESSIVE;
				CLANG_CXX_LANGUAGE_STANDARD = "gnu++20";
				CLANG_ENABLE_MODULES = YES;
				CLANG_ENABLE_OBJC_ARC = YES;
				CLANG_ENABLE_OBJC_WEAK = YES;
				CLANG_WARN_BLOCK_CAPTURE_AUTORELEASING = YES;
				CLANG_WARN_BOOL_CONVERSION = YES;
				CLANG_WARN_COMMA = YES;
				CLANG_WARN_CONSTANT_CONVERSION = YES;
				CLANG_WARN_DEPRECATED_OBJC_IMPLEMENTATIONS = YES;
				CLANG_WARN_DIRECT_OBJC_ISA_USAGE = YES_ERROR;
				CLANG_WARN_DOCUMENTATION_COMMENTS = YES;
				CLANG_WARN_EMPTY_BODY = YES;
				CLANG_WARN_ENUM_CONVERSION = YES;
				CLANG_WARN_INFINITE_RECURSION = YES;
				CLANG_WARN_INT_CONVERSION = YES;
				CLANG_WARN_NON_LITERAL_NULL_CONVERSION = YES;
				CLANG_WARN_OBJC_IMPLICIT_RETAIN_SELF = YES;
				CLANG_WARN_OBJC_LITERAL_CONVERSION = YES;
				CLANG_WARN_OBJC_ROOT_CLASS = YES_ERROR;
				CLANG_WARN_QUOTED_INCLUDE_IN_FRAMEWORK_HEADER = YES;
				CLANG_WARN_RANGE_LOOP_ANALYSIS = YES;
				CLANG_WARN_STRICT_PROTOTYPES = YES;
				CLANG_WARN_SUSPICIOUS_MOVE = YES;
				CLANG_WARN_UNGUARDED_AVAILABILITY = YES_AGGRESSIVE;
				CLANG_WARN_UNREACHABLE_CODE = YES;
				CLANG_WARN__DUPLICATE_METHOD_MATCH = YES;
				COPY_PHASE_STRIP = NO;
				DEBUG_INFORMATION_FORMAT = dwarf;
				ENABLE_STRICT_OBJC_MSGSEND = YES;
				ENABLE_TESTABILITY = YES;
				ENABLE_USER_SCRIPT_SANDBOXING = YES;
				GCC_C_LANGUAGE_STANDARD = gnu17;
				GCC_DYNAMIC_NO_PIC = NO;
				GCC_NO_COMMON_BLOCKS = YES;
				GCC_OPTIMIZATION_LEVEL = 0;
				GCC_PREPROCESSOR_DEFINITIONS = (
					"DEBUG=1",
					"$(inherited)",
				);
				GCC_WARN_64_TO_32_BIT_CONVERSION = YES;
				GCC_WARN_ABOUT_RETURN_TYPE = YES_ERROR;
				GCC_WARN_UNDECLARED_SELECTOR = YES;
				GCC_WARN_UNINITIALIZED_AUTOS = YES_AGGRESSIVE;
				GCC_WARN_UNUSED_FUNCTION = YES;
				GCC_WARN_UNUSED_VARIABLE = YES;
				IPHONEOS_DEPLOYMENT_TARGET = 17.0;
				LOCALIZATION_PREFERS_STRING_CATALOGS = YES;
				MTL_ENABLE_DEBUG_INFO = INCLUDE_SOURCE;
				MTL_FAST_MATH = YES;
				ONLY_ACTIVE_ARCH = YES;
				SDKROOT = iphoneos;
				SWIFT_ACTIVE_COMPILATION_CONDITIONS = "DEBUG $(inherited)";
				SWIFT_OPTIMIZATION_LEVEL = "-Onone";
			};
			name = Debug;
		};
		9DA945D92AC0BA0B002302D1 /* Release */ = {
			isa = XCBuildConfiguration;
			buildSettings = {
				ALWAYS_SEARCH_USER_PATHS = NO;
				ASSETCATALOG_COMPILER_GENERATE_SWIFT_ASSET_SYMBOL_EXTENSIONS = YES;
				CLANG_ANALYZER_NONNULL = YES;
				CLANG_ANALYZER_NUMBER_OBJECT_CONVERSION = YES_AGGRESSIVE;
				CLANG_CXX_LANGUAGE_STANDARD = "gnu++20";
				CLANG_ENABLE_MODULES = YES;
				CLANG_ENABLE_OBJC_ARC = YES;
				CLANG_ENABLE_OBJC_WEAK = YES;
				CLANG_WARN_BLOCK_CAPTURE_AUTORELEASING = YES;
				CLANG_WARN_BOOL_CONVERSION = YES;
				CLANG_WARN_COMMA = YES;
				CLANG_WARN_CONSTANT_CONVERSION = YES;
				CLANG_WARN_DEPRECATED_OBJC_IMPLEMENTATIONS = YES;
				CLANG_WARN_DIRECT_OBJC_ISA_USAGE = YES_ERROR;
				CLANG_WARN_DOCUMENTATION_COMMENTS = YES;
				CLANG_WARN_EMPTY_BODY = YES;
				CLANG_WARN_ENUM_CONVERSION = YES;
				CLANG_WARN_INFINITE_RECURSION = YES;
				CLANG_WARN_INT_CONVERSION = YES;
				CLANG_WARN_NON_LITERAL_NULL_CONVERSION = YES;
				CLANG_WARN_OBJC_IMPLICIT_RETAIN_SELF = YES;
				CLANG_WARN_OBJC_LITERAL_CONVERSION = YES;
				CLANG_WARN_OBJC_ROOT_CLASS = YES_ERROR;
				CLANG_WARN_QUOTED_INCLUDE_IN_FRAMEWORK_HEADER = YES;
				CLANG_WARN_RANGE_LOOP_ANALYSIS = YES;
				CLANG_WARN_STRICT_PROTOTYPES = YES;
				CLANG_WARN_SUSPICIOUS_MOVE = YES;
				CLANG_WARN_UNGUARDED_AVAILABILITY = YES_AGGRESSIVE;
				CLANG_WARN_UNREACHABLE_CODE = YES;
				CLANG_WARN__DUPLICATE_METHOD_MATCH = YES;
				COPY_PHASE_STRIP = NO;
				DEBUG_INFORMATION_FORMAT = "dwarf-with-dsym";
				ENABLE_NS_ASSERTIONS = NO;
				ENABLE_STRICT_OBJC_MSGSEND = YES;
				ENABLE_USER_SCRIPT_SANDBOXING = YES;
				GCC_C_LANGUAGE_STANDARD = gnu17;
				GCC_NO_COMMON_BLOCKS = YES;
				GCC_WARN_64_TO_32_BIT_CONVERSION = YES;
				GCC_WARN_ABOUT_RETURN_TYPE = YES_ERROR;
				GCC_WARN_UNDECLARED_SELECTOR = YES;
				GCC_WARN_UNINITIALIZED_AUTOS = YES_AGGRESSIVE;
				GCC_WARN_UNUSED_FUNCTION = YES;
				GCC_WARN_UNUSED_VARIABLE = YES;
				IPHONEOS_DEPLOYMENT_TARGET = 17.0;
				LOCALIZATION_PREFERS_STRING_CATALOGS = YES;
				MTL_ENABLE_DEBUG_INFO = NO;
				MTL_FAST_MATH = YES;
				SDKROOT = iphoneos;
				SWIFT_COMPILATION_MODE = wholemodule;
				VALIDATE_PRODUCT = YES;
			};
			name = Release;
		};
		9DA945DB2AC0BA0B002302D1 /* Debug */ = {
			isa = XCBuildConfiguration;
			buildSettings = {
				ASSETCATALOG_COMPILER_APPICON_NAME = AppIcon;
				ASSETCATALOG_COMPILER_GLOBAL_ACCENT_COLOR_NAME = AccentColor;
				CODE_SIGN_STYLE = Automatic;
				CURRENT_PROJECT_VERSION = 1;
				DEVELOPMENT_TEAM = 34UB5HMPNV;
				GENERATE_INFOPLIST_FILE = YES;
				INFOPLIST_FILE = KnigomaniaApp/Info.plist;
				INFOPLIST_KEY_UIApplicationSupportsIndirectInputEvents = YES;
				INFOPLIST_KEY_UILaunchStoryboardName = LaunchScreen;
				INFOPLIST_KEY_UIMainStoryboardFile = Main;
				INFOPLIST_KEY_UISupportedInterfaceOrientations_iPad = "UIInterfaceOrientationPortrait UIInterfaceOrientationPortraitUpsideDown UIInterfaceOrientationLandscapeLeft UIInterfaceOrientationLandscapeRight";
				INFOPLIST_KEY_UISupportedInterfaceOrientations_iPhone = "UIInterfaceOrientationPortrait UIInterfaceOrientationLandscapeLeft UIInterfaceOrientationLandscapeRight";
				IPHONEOS_DEPLOYMENT_TARGET = 16.0;
				LD_RUNPATH_SEARCH_PATHS = (
					"$(inherited)",
					"@executable_path/Frameworks",
				);
				MARKETING_VERSION = 1.0;
				PRODUCT_BUNDLE_IDENTIFIER = ilyaagoryaev.KnigomaniaApp;
				PRODUCT_NAME = "$(TARGET_NAME)";
				SUPPORTED_PLATFORMS = "iphoneos iphonesimulator";
				SUPPORTS_MACCATALYST = NO;
				SUPPORTS_MAC_DESIGNED_FOR_IPHONE_IPAD = NO;
				SWIFT_EMIT_LOC_STRINGS = YES;
				SWIFT_VERSION = 5.0;
				TARGETED_DEVICE_FAMILY = "1,2";
			};
			name = Debug;
		};
		9DA945DC2AC0BA0B002302D1 /* Release */ = {
			isa = XCBuildConfiguration;
			buildSettings = {
				ASSETCATALOG_COMPILER_APPICON_NAME = AppIcon;
				ASSETCATALOG_COMPILER_GLOBAL_ACCENT_COLOR_NAME = AccentColor;
				CODE_SIGN_STYLE = Automatic;
				CURRENT_PROJECT_VERSION = 1;
				DEVELOPMENT_TEAM = 34UB5HMPNV;
				GENERATE_INFOPLIST_FILE = YES;
				INFOPLIST_FILE = KnigomaniaApp/Info.plist;
				INFOPLIST_KEY_UIApplicationSupportsIndirectInputEvents = YES;
				INFOPLIST_KEY_UILaunchStoryboardName = LaunchScreen;
				INFOPLIST_KEY_UIMainStoryboardFile = Main;
				INFOPLIST_KEY_UISupportedInterfaceOrientations_iPad = "UIInterfaceOrientationPortrait UIInterfaceOrientationPortraitUpsideDown UIInterfaceOrientationLandscapeLeft UIInterfaceOrientationLandscapeRight";
				INFOPLIST_KEY_UISupportedInterfaceOrientations_iPhone = "UIInterfaceOrientationPortrait UIInterfaceOrientationLandscapeLeft UIInterfaceOrientationLandscapeRight";
				IPHONEOS_DEPLOYMENT_TARGET = 16.0;
				LD_RUNPATH_SEARCH_PATHS = (
					"$(inherited)",
					"@executable_path/Frameworks",
				);
				MARKETING_VERSION = 1.0;
				PRODUCT_BUNDLE_IDENTIFIER = ilyaagoryaev.KnigomaniaApp;
				PRODUCT_NAME = "$(TARGET_NAME)";
				SUPPORTED_PLATFORMS = "iphoneos iphonesimulator";
				SUPPORTS_MACCATALYST = NO;
				SUPPORTS_MAC_DESIGNED_FOR_IPHONE_IPAD = NO;
				SWIFT_EMIT_LOC_STRINGS = YES;
				SWIFT_VERSION = 5.0;
				TARGETED_DEVICE_FAMILY = "1,2";
			};
			name = Release;
		};
/* End XCBuildConfiguration section */

/* Begin XCConfigurationList section */
		9DA945C12AC0BA0A002302D1 /* Build configuration list for PBXProject "KnigomaniaApp" */ = {
			isa = XCConfigurationList;
			buildConfigurations = (
				9DA945D82AC0BA0B002302D1 /* Debug */,
				9DA945D92AC0BA0B002302D1 /* Release */,
			);
			defaultConfigurationIsVisible = 0;
			defaultConfigurationName = Release;
		};
		9DA945DA2AC0BA0B002302D1 /* Build configuration list for PBXNativeTarget "KnigomaniaApp" */ = {
			isa = XCConfigurationList;
			buildConfigurations = (
				9DA945DB2AC0BA0B002302D1 /* Debug */,
				9DA945DC2AC0BA0B002302D1 /* Release */,
			);
			defaultConfigurationIsVisible = 0;
			defaultConfigurationName = Release;
		};
/* End XCConfigurationList section */
	};
	rootObject = 9DA945BE2AC0BA0A002302D1 /* Project object */;
}
